<?xml version="1.0" encoding="utf-8"?>
<Project ToolsVersion="4.0" xmlns="http://schemas.microsoft.com/developer/msbuild/2003">
  <ItemGroup>
    <Filter Include="Resource Files">
      <UniqueIdentifier>{67DA6AB6-F800-4c08-8B7A-83BB121AAD01}</UniqueIdentifier>
      <Extensions>rc;ico;cur;bmp;dlg;rc2;rct;bin;rgs;gif;jpg;jpeg;jpe;resx;tiff;tif;png;wav;mfcribbon-ms</Extensions>
    </Filter>
    <Filter Include="Interface">
      <UniqueIdentifier>{7451334a-abad-47ba-922a-704d229a25f0}</UniqueIdentifier>
    </Filter>
    <Filter Include="Interface\Header Files">
      <UniqueIdentifier>{93995380-89BD-4b04-88EB-625FBE52EBFB}</UniqueIdentifier>
      <Extensions>h;hh;hpp;hxx;h++;hm;inl;inc;ipp;xsd</Extensions>
    </Filter>
    <Filter Include="Interface\Source Files">
      <UniqueIdentifier>{4FC737F1-C7A5-4376-A066-2A32D752A2FF}</UniqueIdentifier>
      <Extensions>cpp;c;cc;cxx;c++;cppm;ixx;def;odl;idl;hpj;bat;asm;asmx</Extensions>
    </Filter>
    <Filter Include="Game">
      <UniqueIdentifier>{d7d95226-88d0-4793-98e9-dd5cecc06bba}</UniqueIdentifier>
    </Filter>
    <Filter Include="Game\Header Files">
      <UniqueIdentifier>{ec3a7c1d-3428-4d7d-8cdf-ad7af1befff5}</UniqueIdentifier>
    </Filter>
    <Filter Include="Game\Source Files">
      <UniqueIdentifier>{d45760c1-007c-405a-b42d-35000165aa59}</UniqueIdentifier>
    </Filter>
    <Filter Include="Comms">
      <UniqueIdentifier>{a02bb9a1-4818-475f-b80b-a94ded530723}</UniqueIdentifier>
    </Filter>
    <Filter Include="main">
      <UniqueIdentifier>{c319ae84-1463-4a52-870d-a213a99a78f7}</UniqueIdentifier>
    </Filter>
  </ItemGroup>
  <ItemGroup>
    <ClCompile Include="src\Interface\Window\Window.cpp">
      <Filter>Interface\Source Files</Filter>
    </ClCompile>
    <ClCompile Include="src\Interface\Scenes\scene.cpp">
      <Filter>Interface\Source Files</Filter>
    </ClCompile>
    <ClCompile Include="src\Interface\Scenes\menu_scene.cpp">
      <Filter>Interface\Source Files</Filter>
    </ClCompile>
    <ClCompile Include="src\Interface\Scenes\playing_scene.cpp">
      <Filter>Interface\Source Files</Filter>
    </ClCompile>
    <ClCompile Include="src\Interface\Board\Board.cpp">
      <Filter>Interface\Source Files</Filter>
    </ClCompile>
    <ClCompile Include="src\Interface\Button\Button.cpp">
      <Filter>Interface\Source Files</Filter>
    </ClCompile>
    <ClCompile Include="src\Interface\GraphicsObject\GraphicsObject.cpp">
      <Filter>Interface\Source Files</Filter>
    </ClCompile>
    <ClCompile Include="src\Interface\PopUp\PopUp.cpp">
      <Filter>Interface\Source Files</Filter>
    </ClCompile>
    <ClCompile Include="src\Interface\Text\Text.cpp">
      <Filter>Interface\Source Files</Filter>
    </ClCompile>
    <ClCompile Include="src\Interface\Cell\Cell.cpp">
      <Filter>Interface\Source Files</Filter>
    </ClCompile>
    <ClCompile Include="src\Interface\Board\Position.cpp">
      <Filter>Interface\Source Files</Filter>
    </ClCompile>
    <ClCompile Include="src\Comms\Comms.cpp">
      <Filter>Comms</Filter>
    </ClCompile>
    <ClCompile Include="src\minesweeper.cpp">
      <Filter>main</Filter>
    </ClCompile>
    <ClCompile Include="src\Game\GameTools.cpp">
      <Filter>Game\Source Files</Filter>
    </ClCompile>
    <ClCompile Include="src\Interface\Slider\Slider.cpp">
      <Filter>Interface\Source Files</Filter>
    </ClCompile>
    <ClCompile Include="src\Interface\Scenes\difficulties_scene.cpp">
      <Filter>Interface\Source Files</Filter>
    </ClCompile>
    <ClCompile Include="src\Interface\Background\Background.cpp">
      <Filter>Interface\Source Files</Filter>
    </ClCompile>
    <ClCompile Include="src\Interface\AudioManager\AudioManager.cpp">
      <Filter>Interface\Source Files</Filter>
    </ClCompile>
    <ClCompile Include="src\Interface\Timer\Timer.cpp">
      <Filter>Interface\Source Files</Filter>
    </ClCompile>
    <ClCompile Include="src\Interface\Scenes\leaderboard_scene.cpp">
      <Filter>Interface\Source Files</Filter>
    </ClCompile>
    <ClCompile Include="src\Interface\ResourceManager\ResourceManager.cpp">
      <Filter>Interface\Source Files</Filter>
    </ClCompile>
  </ItemGroup>
  <ItemGroup>
    <ClInclude Include="src\Interface\Scenes\playing_scene.h">
      <Filter>Interface\Header Files</Filter>
    </ClInclude>
    <ClInclude Include="src\Interface\GraphicsObject\GraphicsObject.h">
      <Filter>Interface\Header Files</Filter>
    </ClInclude>
    <ClInclude Include="src\Interface\Button\Button.h">
      <Filter>Interface\Header Files</Filter>
    </ClInclude>
    <ClInclude Include="src\Interface\Window\Window.h">
      <Filter>Interface\Header Files</Filter>
    </ClInclude>
    <ClInclude Include="src\Interface\Scenes\scene.h">
      <Filter>Interface\Header Files</Filter>
    </ClInclude>
    <ClInclude Include="src\Interface\Scenes\menu_scene.h">
      <Filter>Interface\Header Files</Filter>
    </ClInclude>
    <ClInclude Include="src\Interface\PopUp\PopUp.h">
      <Filter>Interface\Header Files</Filter>
    </ClInclude>
    <ClInclude Include="src\Interface\Board\Board.h">
      <Filter>Interface\Header Files</Filter>
    </ClInclude>
    <ClInclude Include="src\Interface\Text\Text.h">
      <Filter>Interface\Header Files</Filter>
    </ClInclude>
    <ClInclude Include="src\Interface\Cell\Cell.h">
      <Filter>Interface\Header Files</Filter>
    </ClInclude>
    <ClInclude Include="src\Interface\Board\Position.h">
      <Filter>Interface\Header Files</Filter>
    </ClInclude>
    <ClInclude Include="src\Comms\Comms.h">
      <Filter>Comms</Filter>
    </ClInclude>
    <ClInclude Include="src\Game\GameTools.h">
      <Filter>Game\Header Files</Filter>
    </ClInclude>
    <ClInclude Include="src\Constants.h">
      <Filter>main</Filter>
    </ClInclude>
    <ClInclude Include="src\Enums.h">
      <Filter>main</Filter>
    </ClInclude>
    <ClInclude Include="src\Structs.h">
      <Filter>main</Filter>
    </ClInclude>
    <ClInclude Include="src\Interface\Scenes\leaderboard_scene.h">
      <Filter>Interface\Header Files</Filter>
    </ClInclude>
    <ClInclude Include="src\Interface\Slider\Slider.h">
      <Filter>Interface\Header Files</Filter>
    </ClInclude>
    <ClInclude Include="src\Interface\Scenes\difficulties_scene.h">
      <Filter>Interface\Header Files</Filter>
    </ClInclude>
    <ClInclude Include="src\Interface\Background\Background.h">
      <Filter>Interface\Header Files</Filter>
    </ClInclude>
    <ClInclude Include="src\Interface\AudioManager\AudioManager.h">
      <Filter>Interface\Header Files</Filter>
    </ClInclude>
    <ClInclude Include="src\Interface\Timer\Timer.h">
      <Filter>Interface\Header Files</Filter>
    </ClInclude>
    <ClInclude Include="src\Interface\ResourceManager\ResourceManager.h">
      <Filter>Interface\Header Files</Filter>
    </ClInclude>
  </ItemGroup>
  <ItemGroup>
    <None Include="packages.config" />
  </ItemGroup>
</Project>